{
  "projects": [
    {
      "projectId": "grDXQqwN7zUznhxKcf4KuW",
      "version": "latest",
      "dependencies": {},
      "lang": "ts",
      "fileLocks": [
        {
          "type": "globalVariant",
          "assetId": "glytwgdhLxHwNu",
          "checksum": "2a1143e7a9cdc645b474e12e6c6554ba"
        },
        {
          "assetId": "grDXQqwN7zUznhxKcf4KuW",
          "type": "projectCss",
          "checksum": "921e044b99c6ae96efd4ca33d3efd063"
        },
        {
          "type": "renderModule",
          "assetId": "Tscjfk6rFM1ct",
          "checksum": "40fa473a320667c03b5ca35cc95ae439"
        },
        {
          "type": "cssRules",
          "assetId": "Tscjfk6rFM1ct",
          "checksum": "40fa473a320667c03b5ca35cc95ae439"
        },
        {
          "type": "renderModule",
          "assetId": "_9YrkpjGXJEK5",
          "checksum": "ba04414b3272b2e4e599bdbab27125fb"
        },
        {
          "type": "cssRules",
          "assetId": "_9YrkpjGXJEK5",
          "checksum": "ba04414b3272b2e4e599bdbab27125fb"
        },
        {
          "type": "renderModule",
          "assetId": "UM_jW14L72Q3H",
          "checksum": "b4e0af16b002547d1b10427b1c8fc548"
        },
        {
          "type": "cssRules",
          "assetId": "UM_jW14L72Q3H",
          "checksum": "b4e0af16b002547d1b10427b1c8fc548"
        },
        {
          "type": "renderModule",
          "assetId": "7oNq9AP0asEpA",
          "checksum": "9eb5a390a8c5aa4e16355956f9f19ee8"
        },
        {
          "type": "cssRules",
          "assetId": "7oNq9AP0asEpA",
          "checksum": "9eb5a390a8c5aa4e16355956f9f19ee8"
        },
        {
          "type": "renderModule",
          "assetId": "IUKZRu0kHdsES",
          "checksum": "d77f4b4255432c34043d68428d6aa539"
        },
        {
          "type": "cssRules",
          "assetId": "IUKZRu0kHdsES",
          "checksum": "d77f4b4255432c34043d68428d6aa539"
        },
        {
          "type": "renderModule",
          "assetId": "7DZSrmqrTbCqfP",
          "checksum": "65ffc9874106d4410fd9ba4d9fdabf07"
        },
        {
          "type": "cssRules",
          "assetId": "7DZSrmqrTbCqfP",
          "checksum": "65ffc9874106d4410fd9ba4d9fdabf07"
        },
        {
          "type": "renderModule",
          "assetId": "N7LBgtAWTEMkNx",
          "checksum": "b4f97131195f00185275d0e9ca6f5953"
        },
        {
          "type": "cssRules",
          "assetId": "N7LBgtAWTEMkNx",
          "checksum": "b4f97131195f00185275d0e9ca6f5953"
        },
        {
          "type": "renderModule",
          "assetId": "VflPTLh_z3J5xy",
          "checksum": "5aa973682354e462c36006c6a952003e"
        },
        {
          "type": "cssRules",
          "assetId": "VflPTLh_z3J5xy",
          "checksum": "5aa973682354e462c36006c6a952003e"
        },
        {
          "type": "renderModule",
          "assetId": "NyO9pztKZARDxS",
          "checksum": "fbd0bb6ac78933496223afc82166e7b8"
        },
        {
          "type": "cssRules",
          "assetId": "NyO9pztKZARDxS",
          "checksum": "fbd0bb6ac78933496223afc82166e7b8"
        },
        {
          "type": "icon",
          "assetId": "r_SYtmlVnIMV4V",
          "checksum": "e6d963ceacbc7026e470c14127a87a87"
        },
        {
          "type": "icon",
          "assetId": "E76nkEiJYAZ1J4",
          "checksum": "52c968af66ea2ef9c88aa4440e5c8e82"
        },
        {
          "type": "icon",
          "assetId": "vXl8PNKzUViygc",
          "checksum": "cff7a3e3097d4c933b24268d305a25a2"
        },
        {
          "type": "icon",
          "assetId": "w5_ys0Bj8uNeTh",
          "checksum": "beb43625d31ad4731475732307a40a14"
        },
        {
          "type": "icon",
          "assetId": "70lNoH3xWv4Hxv",
          "checksum": "8f52c586ff9b652c6113d5c6c9652b20"
        },
        {
          "type": "icon",
          "assetId": "5WUOGCkNi4JX1z",
          "checksum": "d117b27426715e3a662cd1740d90adb4"
        },
        {
          "type": "icon",
          "assetId": "A5tVuUqYeipyzY",
          "checksum": "d7ddf7ad7207d88087325041a1e86eb1"
        },
        {
          "type": "icon",
          "assetId": "F57kthWFHRy5vq",
          "checksum": "0e2e81428f50c0cc42f4c056a0bb92d5"
        },
        {
          "type": "icon",
          "assetId": "tvgurd6sdrminD",
          "checksum": "3b3bb397b148a86eee486829ff7b7486"
        },
        {
          "type": "icon",
          "assetId": "5QWAFonxhEtWc5",
          "checksum": "9bb711ec58843e4a01c66b3170987993"
        },
        {
          "type": "icon",
          "assetId": "k39gMjsw5LgmQI",
          "checksum": "70cae037d6ad7ea82397e8409cb80efd"
        },
        {
          "type": "icon",
          "assetId": "dcSdJuE5z4Qw2U",
          "checksum": "1c5d3d5bc2a5ef2a1b82044179abc3e5"
        },
        {
          "type": "icon",
          "assetId": "z6dcNoTHPu5L0r",
          "checksum": "5139e8de5553a4322d9b79e74e0370a9"
        },
        {
          "type": "icon",
          "assetId": "e9M4G1a7BeOalC",
          "checksum": "0c36ecd3a17ef3155c29aac0451e07b3"
        },
        {
          "type": "icon",
          "assetId": "p2Q67b3CQF1hFj",
          "checksum": "4e0a5a4e9f3957564550fef42be65e0f"
        },
        {
          "type": "icon",
          "assetId": "kADhRxGEuEnx54",
          "checksum": "62e5e97f8335db77174737ee2446318d"
        },
        {
          "type": "icon",
          "assetId": "tHoGnrx_WnkW-1",
          "checksum": "098c59c7f47424d6cbfbe77f72f94a74"
        },
        {
          "type": "icon",
          "assetId": "zEExotwG3r6q2G",
          "checksum": "128ba26bc5bb1d156ac76d43423aba1e"
        },
        {
          "type": "icon",
          "assetId": "mwZXcSLTF2NHVT",
          "checksum": "94e81f04a0acdd4531e55228d84ef394"
        },
        {
          "type": "icon",
          "assetId": "CN7N4u7sX7xBkQ",
          "checksum": "af4509f74cec82f7b8db3d9d92cf9994"
        },
        {
          "type": "icon",
          "assetId": "Zja1gTDIGAuTD-",
          "checksum": "c1fe71b17285b7d7e79de95e9bacb609"
        },
        {
          "type": "icon",
          "assetId": "gIOnjrtAQRk1GO",
          "checksum": "cca1917c9c66c56ab1e86e4d76e48899"
        },
        {
          "type": "icon",
          "assetId": "i1NHCRRi33DLYD",
          "checksum": "0577b77f4ff6cb99c7d98a22ac076e8c"
        },
        {
          "type": "icon",
          "assetId": "P1whiCZujPZNSW",
          "checksum": "8ed607441a17fd2d394a8d66f039e956"
        },
        {
          "type": "icon",
          "assetId": "7wfwrkNPH8W5Fy",
          "checksum": "a3fca7bc5078be42e1df32d55369d153"
        },
        {
          "type": "icon",
          "assetId": "spvC7UWcBhFpDE",
          "checksum": "e4090ee93e4928145841348fc7dee784"
        },
        {
          "type": "icon",
          "assetId": "r3NfVXX1lhe-lR",
          "checksum": "d25a25302d3b71ddc224edb1e8659c30"
        },
        {
          "type": "icon",
          "assetId": "vsALOop90yBUp6",
          "checksum": "f72ed2fef190db66ae16e9b4b37f23d2"
        },
        {
          "type": "icon",
          "assetId": "I3xeDYJtP-KRaB",
          "checksum": "b3889b51ddc20b28712c8b7be1fe0e4a"
        },
        {
          "type": "icon",
          "assetId": "twwdSWoTU6-qHT",
          "checksum": "6bc3d055a53ef047e92a5a93c8ab2d3f"
        },
        {
          "type": "icon",
          "assetId": "E-eZ2sRVy9DN57",
          "checksum": "86dcb0456881da7d5ec87d09200b9592"
        },
        {
          "type": "icon",
          "assetId": "XQ37PpMH0v9_Kh",
          "checksum": "db18e7c1cffc7fbbae17797174c4d672"
        },
        {
          "type": "icon",
          "assetId": "W4HrV7XncyCEXP",
          "checksum": "20c09af842b9ebe8e02f5ee5da9f40dc"
        },
        {
          "type": "icon",
          "assetId": "14Hn10IEVwb02W",
          "checksum": "ea327233ddb755bf58b576cba3cd4db2"
        },
        {
          "type": "image",
          "assetId": "AV13gUTOyi295v",
          "checksum": "5dec94037e9f77f5f00aea04a125af01"
        },
        {
          "type": "image",
          "assetId": "xoFvxXOP8vySwP",
          "checksum": "95f4a3baf3c6f67fd3cf9cd67775bf3f"
        },
        {
          "type": "image",
          "assetId": "iUfQvtURXROukU",
          "checksum": "20d914a3a66f00b4814549917371c185"
        },
        {
          "type": "image",
          "assetId": "y-MAzpTLY0YnPd",
          "checksum": "574c880b8b11a9b3d7f953fb3ddb11ce"
        },
        {
          "type": "image",
          "assetId": "3WLX6-EUJV0FT-",
          "checksum": "f4315ece92c4191fdaf8a7b3cb5ccddc"
        },
        {
          "type": "image",
          "assetId": "rx5ynM7saKyvAy",
          "checksum": "711aab60730fc25830b90e82bfca8d03"
        },
        {
          "type": "image",
          "assetId": "bRuvvsCMmhkOvr",
          "checksum": "4405d5685c5af4cf7ebce76299da52d5"
        },
        {
          "type": "image",
          "assetId": "g_pWQRe_yMogR4",
          "checksum": "25b7fa3be737feccc91d329f6facc28a"
        },
        {
          "type": "image",
          "assetId": "r5rylkTfmTILha",
          "checksum": "777a9f6adea46b5e49d882ea8394afba"
        },
        {
          "type": "image",
          "assetId": "0otxH3ihrouACU",
          "checksum": "e48be62485e6414245c2879a77ac1418"
        },
        {
          "type": "image",
          "assetId": "NUSho8ZXxIniti",
          "checksum": "3a63bee5a6312e79ab1558c895629426"
        }
      ]
    }
  ],
  "cliVersion": "0.1.136"
}
